
Microsoft Visual Studio Solution File, Format Version 12.00
# Visual Studio Version 17
VisualStudioVersion = 17.10.34916.146
MinimumVisualStudioVersion = 10.0.40219.1
Project("{FAE04EC0-301F-11D3-BF4B-00C04F79EFBC}") = "SocketRSA", "SocketRSA.csproj", "{7A23B571-0923-4785-AECA-19A61294284D}"
EndProject
Global
	GlobalSection(SolutionConfigurationPlatforms) = preSolution
		Debug|Any CPU = Debug|Any CPU
		Release|Any CPU = Release|Any CPU
	EndGlobalSection
	GlobalSection(ProjectConfigurationPlatforms) = postSolution
		{7A23B571-0923-4785-AECA-19A61294284D}.Debug|Any CPU.ActiveCfg = Debug|Any CPU
		{7A23B571-0923-4785-AECA-19A61294284D}.Debug|Any CPU.Build.0 = Debug|Any CPU
		{7A23B571-0923-4785-AECA-19A61294284D}.Release|Any CPU.ActiveCfg = Release|Any CPU
		{7A23B571-0923-4785-AECA-19A61294284D}.Release|Any CPU.Build.0 = Release|Any CPU
	EndGlobalSection
	GlobalSection(SolutionProperties) = preSolution
		HideSolutionNode = FALSE
	EndGlobalSection
	GlobalSection(ExtensibilityGlobals) = postSolution
		SolutionGuid = {048C7B47-D2A1-4DE2-B1FD-D9FE5FF0592A}
	EndGlobalSection
EndGlobal
